
Microsoft Visual Studio Solution File, Format Version 12.00
# Visual Studio Version 16
VisualStudioVersion = 16.0.30611.23
MinimumVisualStudioVersion = 10.0.40219.1
Project("{FAE04EC0-301F-11D3-BF4B-00C04F79EFBC}") = "LabSheet-6", "LabSheet-6\LabSheet-6.csproj", "{ABA67EFC-871C-4184-B5F2-8C8023AD9E41}"
EndProject
Global
	GlobalSection(SolutionConfigurationPlatforms) = preSolution
		Debug|Any CPU = Debug|Any CPU
		Release|Any CPU = Release|Any CPU
	EndGlobalSection
	GlobalSection(ProjectConfigurationPlatforms) = postSolution
		{ABA67EFC-871C-4184-B5F2-8C8023AD9E41}.Debug|Any CPU.ActiveCfg = Debug|Any CPU
		{ABA67EFC-871C-4184-B5F2-8C8023AD9E41}.Debug|Any CPU.Build.0 = Debug|Any CPU
		{ABA67EFC-871C-4184-B5F2-8C8023AD9E41}.Release|Any CPU.ActiveCfg = Release|Any CPU
		{ABA67EFC-871C-4184-B5F2-8C8023AD9E41}.Release|Any CPU.Build.0 = Release|Any CPU
	EndGlobalSection
	GlobalSection(SolutionProperties) = preSolution
		HideSolutionNode = FALSE
	EndGlobalSection
	GlobalSection(ExtensibilityGlobals) = postSolution
		SolutionGuid = {7FDE26A6-3AAD-4CC8-95DD-BE0CC121F85D}
	EndGlobalSection
EndGlobal
